// !$*UTF8*$!
{
	archiveVersion = 1;
	classes = {
	};
	objectVersion = 46;
	objects = {

/* Begin PBXBuildFile section */
		3260779D7F64F96DF88130AF /* Pods_CleanJSON_Example.framework in Frameworks */ = {isa = PBXBuildFile; fileRef = 59688EA7BAE73C4B45CA5F94 /* Pods_CleanJSON_Example.framework */; };
		607FACD61AFB9204008FA782 /* AppDelegate.swift in Sources */ = {isa = PBXBuildFile; fileRef = 607FACD51AFB9204008FA782 /* AppDelegate.swift */; };
		607FACD81AFB9204008FA782 /* ViewController.swift in Sources */ = {isa = PBXBuildFile; fileRef = 607FACD71AFB9204008FA782 /* ViewController.swift */; };
		607FACDB1AFB9204008FA782 /* Main.storyboard in Resources */ = {isa = PBXBuildFile; fileRef = 607FACD91AFB9204008FA782 /* Main.storyboard */; };
		607FACDD1AFB9204008FA782 /* Images.xcassets in Resources */ = {isa = PBXBuildFile; fileRef = 607FACDC1AFB9204008FA782 /* Images.xcassets */; };
		607FACE01AFB9204008FA782 /* LaunchScreen.xib in Resources */ = {isa = PBXBuildFile; fileRef = 607FACDE1AFB9204008FA782 /* LaunchScreen.xib */; };
		607FACEC1AFB9204008FA782 /* Tests.swift in Sources */ = {isa = PBXBuildFile; fileRef = 607FACEB1AFB9204008FA782 /* Tests.swift */; };
		6C0DD92F2244C84500CED4F4 /* JSONAdapterTests.swift in Sources */ = {isa = PBXBuildFile; fileRef = 6C0DD92E2244C84500CED4F4 /* JSONAdapterTests.swift */; };
		6C3FCB1524C6A1B1008E523B /* CodingKeysConverterTests.swift in Sources */ = {isa = PBXBuildFile; fileRef = 6C3FCB1424C6A1B1008E523B /* CodingKeysConverterTests.swift */; };
		6C75F401229CBF6F00FFE050 /* DecodeOptionalTests.swift in Sources */ = {isa = PBXBuildFile; fileRef = 6C75F400229CBF6F00FFE050 /* DecodeOptionalTests.swift */; };
		6C7C0AD92225765D009D9E1D /* NestedContainerTests.swift in Sources */ = {isa = PBXBuildFile; fileRef = 6C7C0AD82225765D009D9E1D /* NestedContainerTests.swift */; };
		6C7C0ADB22257CB0009D9E1D /* NestedUnkeyedContainerTests.swift in Sources */ = {isa = PBXBuildFile; fileRef = 6C7C0ADA22257CB0009D9E1D /* NestedUnkeyedContainerTests.swift */; };
		6C810BA32170D56B00C2D942 /* PerformanceTests.swift in Sources */ = {isa = PBXBuildFile; fileRef = 6C810BA22170D56B00C2D942 /* PerformanceTests.swift */; };
		6C810BA92170D60E00C2D942 /* airports100.json in Resources */ = {isa = PBXBuildFile; fileRef = 6C810BA42170D60E00C2D942 /* airports100.json */; };
		6C810BAA2170D60E00C2D942 /* airports10.json in Resources */ = {isa = PBXBuildFile; fileRef = 6C810BA52170D60E00C2D942 /* airports10.json */; };
		6C810BAB2170D60E00C2D942 /* airports1.json in Resources */ = {isa = PBXBuildFile; fileRef = 6C810BA62170D60E00C2D942 /* airports1.json */; };
		6C810BAC2170D60E00C2D942 /* airports10000.json in Resources */ = {isa = PBXBuildFile; fileRef = 6C810BA72170D60E00C2D942 /* airports10000.json */; };
		6C810BAD2170D60E00C2D942 /* airports1000.json in Resources */ = {isa = PBXBuildFile; fileRef = 6C810BA82170D60E00C2D942 /* airports1000.json */; };
		6CE9EB5A225346660054AABF /* DecodeDateTests.swift in Sources */ = {isa = PBXBuildFile; fileRef = 6CE9EB59225346660054AABF /* DecodeDateTests.swift */; };
		6CE9EB5C225349910054AABF /* DecodeDecimalTests.swift in Sources */ = {isa = PBXBuildFile; fileRef = 6CE9EB5B225349910054AABF /* DecodeDecimalTests.swift */; };
		6CF8AFA224F6C616005EC258 /* JSONContainerTests.swift in Sources */ = {isa = PBXBuildFile; fileRef = 6CF8AFA124F6C616005EC258 /* JSONContainerTests.swift */; };
		CAA2881B3842BA456BA8F619 /* Pods_CleanJSON_Tests.framework in Frameworks */ = {isa = PBXBuildFile; fileRef = 07C4F440509FFE06EFB4585A /* Pods_CleanJSON_Tests.framework */; };
/* End PBXBuildFile section */

/* Begin PBXContainerItemProxy section */
		607FACE61AFB9204008FA782 /* PBXContainerItemProxy */ = {
			isa = PBXContainerItemProxy;
			containerPortal = 607FACC81AFB9204008FA782 /* Project object */;
			proxyType = 1;
			remoteGlobalIDString = 607FACCF1AFB9204008FA782;
			remoteInfo = CleanJSON;
		};
/* End PBXContainerItemProxy section */

/* Begin PBXFileReference section */
		07C4F440509FFE06EFB4585A /* Pods_CleanJSON_Tests.framework */ = {isa = PBXFileReference; explicitFileType = wrapper.framework; includeInIndex = 0; path = Pods_CleanJSON_Tests.framework; sourceTree = BUILT_PRODUCTS_DIR; };
		0AC80555FB8BF7C4FE42B42D /* LICENSE */ = {isa = PBXFileReference; includeInIndex = 1; lastKnownFileType = text; name = LICENSE; path = ../LICENSE; sourceTree = "<group>"; };
		13C04CFBC3D9A19DC1D6D5AC /* Pods-CleanJSON_Tests.debug.xcconfig */ = {isa = PBXFileReference; includeInIndex = 1; lastKnownFileType = text.xcconfig; name = "Pods-CleanJSON_Tests.debug.xcconfig"; path = "Pods/Target Support Files/Pods-CleanJSON_Tests/Pods-CleanJSON_Tests.debug.xcconfig"; sourceTree = "<group>"; };
		25EC7CE9FAD26F41F28DC449 /* README.md */ = {isa = PBXFileReference; includeInIndex = 1; lastKnownFileType = net.daringfireball.markdown; name = README.md; path = ../README.md; sourceTree = "<group>"; };
		2E29CB7863EEBAA5DC8938FD /* Pods-CleanJSON_Tests.release.xcconfig */ = {isa = PBXFileReference; includeInIndex = 1; lastKnownFileType = text.xcconfig; name = "Pods-CleanJSON_Tests.release.xcconfig"; path = "Target Support Files/Pods-CleanJSON_Tests/Pods-CleanJSON_Tests.release.xcconfig"; sourceTree = "<group>"; };
		432D8697BBE14AE877C685D8 /* Pods-CleanJSON_Example.release.xcconfig */ = {isa = PBXFileReference; includeInIndex = 1; lastKnownFileType = text.xcconfig; name = "Pods-CleanJSON_Example.release.xcconfig"; path = "Target Support Files/Pods-CleanJSON_Example/Pods-CleanJSON_Example.release.xcconfig"; sourceTree = "<group>"; };
		59688EA7BAE73C4B45CA5F94 /* Pods_CleanJSON_Example.framework */ = {isa = PBXFileReference; explicitFileType = wrapper.framework; includeInIndex = 0; path = Pods_CleanJSON_Example.framework; sourceTree = BUILT_PRODUCTS_DIR; };
		607FACD01AFB9204008FA782 /* CleanJSON_Example.app */ = {isa = PBXFileReference; explicitFileType = wrapper.application; includeInIndex = 0; path = CleanJSON_Example.app; sourceTree = BUILT_PRODUCTS_DIR; };
		607FACD41AFB9204008FA782 /* Info.plist */ = {isa = PBXFileReference; lastKnownFileType = text.plist.xml; path = Info.plist; sourceTree = "<group>"; };
		607FACD51AFB9204008FA782 /* AppDelegate.swift */ = {isa = PBXFileReference; lastKnownFileType = sourcecode.swift; path = AppDelegate.swift; sourceTree = "<group>"; };
		607FACD71AFB9204008FA782 /* ViewController.swift */ = {isa = PBXFileReference; lastKnownFileType = sourcecode.swift; path = ViewController.swift; sourceTree = "<group>"; };
		607FACDA1AFB9204008FA782 /* Base */ = {isa = PBXFileReference; lastKnownFileType = file.storyboard; name = Base; path = Base.lproj/Main.storyboard; sourceTree = "<group>"; };
		607FACDC1AFB9204008FA782 /* Images.xcassets */ = {isa = PBXFileReference; lastKnownFileType = folder.assetcatalog; path = Images.xcassets; sourceTree = "<group>"; };
		607FACDF1AFB9204008FA782 /* Base */ = {isa = PBXFileReference; lastKnownFileType = file.xib; name = Base; path = Base.lproj/LaunchScreen.xib; sourceTree = "<group>"; };
		607FACE51AFB9204008FA782 /* CleanJSON_Tests.xctest */ = {isa = PBXFileReference; explicitFileType = wrapper.cfbundle; includeInIndex = 0; path = CleanJSON_Tests.xctest; sourceTree = BUILT_PRODUCTS_DIR; };
		607FACEA1AFB9204008FA782 /* Info.plist */ = {isa = PBXFileReference; lastKnownFileType = text.plist.xml; path = Info.plist; sourceTree = "<group>"; };
		607FACEB1AFB9204008FA782 /* Tests.swift */ = {isa = PBXFileReference; lastKnownFileType = sourcecode.swift; path = Tests.swift; sourceTree = "<group>"; };
		638EAC03C86093768BF6CB13 /* Pods-CleanJSON_Example.release.xcconfig */ = {isa = PBXFileReference; includeInIndex = 1; lastKnownFileType = text.xcconfig; name = "Pods-CleanJSON_Example.release.xcconfig"; path = "Pods/Target Support Files/Pods-CleanJSON_Example/Pods-CleanJSON_Example.release.xcconfig"; sourceTree = "<group>"; };
		6B0AA72565676DCE6F2BDDB5 /* Pods-CleanJSON_Example.debug.xcconfig */ = {isa = PBXFileReference; includeInIndex = 1; lastKnownFileType = text.xcconfig; name = "Pods-CleanJSON_Example.debug.xcconfig"; path = "Pods/Target Support Files/Pods-CleanJSON_Example/Pods-CleanJSON_Example.debug.xcconfig"; sourceTree = "<group>"; };
		6C0DD92E2244C84500CED4F4 /* JSONAdapterTests.swift */ = {isa = PBXFileReference; lastKnownFileType = sourcecode.swift; path = JSONAdapterTests.swift; sourceTree = "<group>"; };
		6C3FCB1424C6A1B1008E523B /* CodingKeysConverterTests.swift */ = {isa = PBXFileReference; lastKnownFileType = sourcecode.swift; path = CodingKeysConverterTests.swift; sourceTree = "<group>"; };
		6C75F400229CBF6F00FFE050 /* DecodeOptionalTests.swift */ = {isa = PBXFileReference; lastKnownFileType = sourcecode.swift; path = DecodeOptionalTests.swift; sourceTree = "<group>"; };
		6C7C0AD82225765D009D9E1D /* NestedContainerTests.swift */ = {isa = PBXFileReference; lastKnownFileType = sourcecode.swift; path = NestedContainerTests.swift; sourceTree = "<group>"; };
		6C7C0ADA22257CB0009D9E1D /* NestedUnkeyedContainerTests.swift */ = {isa = PBXFileReference; lastKnownFileType = sourcecode.swift; path = NestedUnkeyedContainerTests.swift; sourceTree = "<group>"; };
		6C810BA22170D56B00C2D942 /* PerformanceTests.swift */ = {isa = PBXFileReference; lastKnownFileType = sourcecode.swift; path = PerformanceTests.swift; sourceTree = "<group>"; };
		6C810BA42170D60E00C2D942 /* airports100.json */ = {isa = PBXFileReference; fileEncoding = 4; lastKnownFileType = text.json; path = airports100.json; sourceTree = "<group>"; };
		6C810BA52170D60E00C2D942 /* airports10.json */ = {isa = PBXFileReference; fileEncoding = 4; lastKnownFileType = text.json; path = airports10.json; sourceTree = "<group>"; };
		6C810BA62170D60E00C2D942 /* airports1.json */ = {isa = PBXFileReference; fileEncoding = 4; lastKnownFileType = text.json; path = airports1.json; sourceTree = "<group>"; };
		6C810BA72170D60E00C2D942 /* airports10000.json */ = {isa = PBXFileReference; fileEncoding = 4; lastKnownFileType = text.json; path = airports10000.json; sourceTree = "<group>"; };
		6C810BA82170D60E00C2D942 /* airports1000.json */ = {isa = PBXFileReference; fileEncoding = 4; lastKnownFileType = text.json; path = airports1000.json; sourceTree = "<group>"; };
		6CE9EB59225346660054AABF /* DecodeDateTests.swift */ = {isa = PBXFileReference; lastKnownFileType = sourcecode.swift; path = DecodeDateTests.swift; sourceTree = "<group>"; };
		6CE9EB5B225349910054AABF /* DecodeDecimalTests.swift */ = {isa = PBXFileReference; lastKnownFileType = sourcecode.swift; path = DecodeDecimalTests.swift; sourceTree = "<group>"; };
		6CF8AFA124F6C616005EC258 /* JSONContainerTests.swift */ = {isa = PBXFileReference; lastKnownFileType = sourcecode.swift; path = JSONContainerTests.swift; sourceTree = "<group>"; };
		D26FF17EF1A0E99CEC06736F /* Pods-CleanJSON_Example.debug.xcconfig */ = {isa = PBXFileReference; includeInIndex = 1; lastKnownFileType = text.xcconfig; name = "Pods-CleanJSON_Example.debug.xcconfig"; path = "Target Support Files/Pods-CleanJSON_Example/Pods-CleanJSON_Example.debug.xcconfig"; sourceTree = "<group>"; };
		D6AA27D7ED5CE1FBF13C4931 /* Pods-CleanJSON_Tests.release.xcconfig */ = {isa = PBXFileReference; includeInIndex = 1; lastKnownFileType = text.xcconfig; name = "Pods-CleanJSON_Tests.release.xcconfig"; path = "Pods/Target Support Files/Pods-CleanJSON_Tests/Pods-CleanJSON_Tests.release.xcconfig"; sourceTree = "<group>"; };
		D7401AF4E81AB65E4EE0AFFF /* Pods-CleanJSON_Tests.debug.xcconfig */ = {isa = PBXFileReference; includeInIndex = 1; lastKnownFileType = text.xcconfig; name = "Pods-CleanJSON_Tests.debug.xcconfig"; path = "Target Support Files/Pods-CleanJSON_Tests/Pods-CleanJSON_Tests.debug.xcconfig"; sourceTree = "<group>"; };
		F3191CD37202ABC989DD21DA /* CleanJSON.podspec */ = {isa = PBXFileReference; includeInIndex = 1; lastKnownFileType = text; name = CleanJSON.podspec; path = ../CleanJSON.podspec; sourceTree = "<group>"; xcLanguageSpecificationIdentifier = xcode.lang.ruby; };
/* End PBXFileReference section */

/* Begin PBXFrameworksBuildPhase section */
		607FACCD1AFB9204008FA782 /* Frameworks */ = {
			isa = PBXFrameworksBuildPhase;
			buildActionMask = 2147483647;
			files = (
				3260779D7F64F96DF88130AF /* Pods_CleanJSON_Example.framework in Frameworks */,
			);
			runOnlyForDeploymentPostprocessing = 0;
		};
		607FACE21AFB9204008FA782 /* Frameworks */ = {
			isa = PBXFrameworksBuildPhase;
			buildActionMask = 2147483647;
			files = (
				CAA2881B3842BA456BA8F619 /* Pods_CleanJSON_Tests.framework in Frameworks */,
			);
			runOnlyForDeploymentPostprocessing = 0;
		};
/* End PBXFrameworksBuildPhase section */

/* Begin PBXGroup section */
		59E5E97E8FD0C20F28FCABE1 /* Pods */ = {
			isa = PBXGroup;
			children = (
				D26FF17EF1A0E99CEC06736F /* Pods-CleanJSON_Example.debug.xcconfig */,
				432D8697BBE14AE877C685D8 /* Pods-CleanJSON_Example.release.xcconfig */,
				D7401AF4E81AB65E4EE0AFFF /* Pods-CleanJSON_Tests.debug.xcconfig */,
				2E29CB7863EEBAA5DC8938FD /* Pods-CleanJSON_Tests.release.xcconfig */,
				6B0AA72565676DCE6F2BDDB5 /* Pods-CleanJSON_Example.debug.xcconfig */,
				638EAC03C86093768BF6CB13 /* Pods-CleanJSON_Example.release.xcconfig */,
				13C04CFBC3D9A19DC1D6D5AC /* Pods-CleanJSON_Tests.debug.xcconfig */,
				D6AA27D7ED5CE1FBF13C4931 /* Pods-CleanJSON_Tests.release.xcconfig */,
			);
			path = Pods;
			sourceTree = "<group>";
		};
		607FACC71AFB9204008FA782 = {
			isa = PBXGroup;
			children = (
				607FACF51AFB993E008FA782 /* Podspec Metadata */,
				607FACD21AFB9204008FA782 /* Example for CleanJSON */,
				607FACE81AFB9204008FA782 /* Tests */,
				607FACD11AFB9204008FA782 /* Products */,
				59E5E97E8FD0C20F28FCABE1 /* Pods */,
				74AB27D9E89E81668F09F652 /* Frameworks */,
			);
			sourceTree = "<group>";
		};
		607FACD11AFB9204008FA782 /* Products */ = {
			isa = PBXGroup;
			children = (
				607FACD01AFB9204008FA782 /* CleanJSON_Example.app */,
				607FACE51AFB9204008FA782 /* CleanJSON_Tests.xctest */,
			);
			name = Products;
			sourceTree = "<group>";
		};
		607FACD21AFB9204008FA782 /* Example for CleanJSON */ = {
			isa = PBXGroup;
			children = (
				607FACD51AFB9204008FA782 /* AppDelegate.swift */,
				607FACD71AFB9204008FA782 /* ViewController.swift */,
				607FACD91AFB9204008FA782 /* Main.storyboard */,
				607FACDC1AFB9204008FA782 /* Images.xcassets */,
				607FACDE1AFB9204008FA782 /* LaunchScreen.xib */,
				607FACD31AFB9204008FA782 /* Supporting Files */,
			);
			name = "Example for CleanJSON";
			path = CleanJSON;
			sourceTree = "<group>";
		};
		607FACD31AFB9204008FA782 /* Supporting Files */ = {
			isa = PBXGroup;
			children = (
				607FACD41AFB9204008FA782 /* Info.plist */,
			);
			name = "Supporting Files";
			sourceTree = "<group>";
		};
		607FACE81AFB9204008FA782 /* Tests */ = {
			isa = PBXGroup;
			children = (
				6C810BA62170D60E00C2D942 /* airports1.json */,
				6C810BA52170D60E00C2D942 /* airports10.json */,
				6C810BA42170D60E00C2D942 /* airports100.json */,
				6C810BA82170D60E00C2D942 /* airports1000.json */,
				6C810BA72170D60E00C2D942 /* airports10000.json */,
				6CE9EB59225346660054AABF /* DecodeDateTests.swift */,
				6CE9EB5B225349910054AABF /* DecodeDecimalTests.swift */,
				6C75F400229CBF6F00FFE050 /* DecodeOptionalTests.swift */,
				6C0DD92E2244C84500CED4F4 /* JSONAdapterTests.swift */,
				6C7C0AD82225765D009D9E1D /* NestedContainerTests.swift */,
				6C7C0ADA22257CB0009D9E1D /* NestedUnkeyedContainerTests.swift */,
				6C810BA22170D56B00C2D942 /* PerformanceTests.swift */,
				6C3FCB1424C6A1B1008E523B /* CodingKeysConverterTests.swift */,
				6CF8AFA124F6C616005EC258 /* JSONContainerTests.swift */,
				607FACE91AFB9204008FA782 /* Supporting Files */,
				607FACEB1AFB9204008FA782 /* Tests.swift */,
			);
			path = Tests;
			sourceTree = "<group>";
		};
		607FACE91AFB9204008FA782 /* Supporting Files */ = {
			isa = PBXGroup;
			children = (
				607FACEA1AFB9204008FA782 /* Info.plist */,
			);
			name = "Supporting Files";
			sourceTree = "<group>";
		};
		607FACF51AFB993E008FA782 /* Podspec Metadata */ = {
			isa = PBXGroup;
			children = (
				F3191CD37202ABC989DD21DA /* CleanJSON.podspec */,
				25EC7CE9FAD26F41F28DC449 /* README.md */,
				0AC80555FB8BF7C4FE42B42D /* LICENSE */,
			);
			name = "Podspec Metadata";
			sourceTree = "<group>";
		};
		74AB27D9E89E81668F09F652 /* Frameworks */ = {
			isa = PBXGroup;
			children = (
				59688EA7BAE73C4B45CA5F94 /* Pods_CleanJSON_Example.framework */,
				07C4F440509FFE06EFB4585A /* Pods_CleanJSON_Tests.framework */,
			);
			name = Frameworks;
			sourceTree = "<group>";
		};
/* End PBXGroup section */

/* Begin PBXNativeTarget section */
		607FACCF1AFB9204008FA782 /* CleanJSON_Example */ = {
			isa = PBXNativeTarget;
			buildConfigurationList = 607FACEF1AFB9204008FA782 /* Build configuration list for PBXNativeTarget "CleanJSON_Example" */;
			buildPhases = (
				B56C4B8CAA11AC85873F52B6 /* [CP] Check Pods Manifest.lock */,
				607FACCC1AFB9204008FA782 /* Sources */,
				607FACCD1AFB9204008FA782 /* Frameworks */,
				607FACCE1AFB9204008FA782 /* Resources */,
				EE99846A2184A95FD2EEED8A /* [CP] Embed Pods Frameworks */,
			);
			buildRules = (
			);
			dependencies = (
			);
			name = CleanJSON_Example;
			productName = CleanJSON;
			productReference = 607FACD01AFB9204008FA782 /* CleanJSON_Example.app */;
			productType = "com.apple.product-type.application";
		};
		607FACE41AFB9204008FA782 /* CleanJSON_Tests */ = {
			isa = PBXNativeTarget;
			buildConfigurationList = 607FACF21AFB9204008FA782 /* Build configuration list for PBXNativeTarget "CleanJSON_Tests" */;
			buildPhases = (
				C64760B4748992DDAF27C0F9 /* [CP] Check Pods Manifest.lock */,
				607FACE11AFB9204008FA782 /* Sources */,
				607FACE21AFB9204008FA782 /* Frameworks */,
				607FACE31AFB9204008FA782 /* Resources */,
			);
			buildRules = (
			);
			dependencies = (
				607FACE71AFB9204008FA782 /* PBXTargetDependency */,
			);
			name = CleanJSON_Tests;
			productName = Tests;
			productReference = 607FACE51AFB9204008FA782 /* CleanJSON_Tests.xctest */;
			productType = "com.apple.product-type.bundle.unit-test";
		};
/* End PBXNativeTarget section */

/* Begin PBXProject section */
		607FACC81AFB9204008FA782 /* Project object */ = {
			isa = PBXProject;
			attributes = {
				LastSwiftUpdateCheck = 0830;
				LastUpgradeCheck = 1220;
				ORGANIZATIONNAME = CocoaPods;
				TargetAttributes = {
					607FACCF1AFB9204008FA782 = {
						CreatedOnToolsVersion = 6.3.1;
						LastSwiftMigration = 1020;
					};
					607FACE41AFB9204008FA782 = {
						CreatedOnToolsVersion = 6.3.1;
						LastSwiftMigration = 1020;
						TestTargetID = 607FACCF1AFB9204008FA782;
					};
				};
			};
			buildConfigurationList = 607FACCB1AFB9204008FA782 /* Build configuration list for PBXProject "CleanJSON" */;
			compatibilityVersion = "Xcode 3.2";
			developmentRegion = en;
			hasScannedForEncodings = 0;
			knownRegions = (
				en,
				Base,
			);
			mainGroup = 607FACC71AFB9204008FA782;
			productRefGroup = 607FACD11AFB9204008FA782 /* Products */;
			projectDirPath = "";
			projectRoot = "";
			targets = (
				607FACCF1AFB9204008FA782 /* CleanJSON_Example */,
				607FACE41AFB9204008FA782 /* CleanJSON_Tests */,
			);
		};
/* End PBXProject section */

/* Begin PBXResourcesBuildPhase section */
		607FACCE1AFB9204008FA782 /* Resources */ = {
			isa = PBXResourcesBuildPhase;
			buildActionMask = 2147483647;
			files = (
				607FACDB1AFB9204008FA782 /* Main.storyboard in Resources */,
				607FACE01AFB9204008FA782 /* LaunchScreen.xib in Resources */,
				607FACDD1AFB9204008FA782 /* Images.xcassets in Resources */,
			);
			runOnlyForDeploymentPostprocessing = 0;
		};
		607FACE31AFB9204008FA782 /* Resources */ = {
			isa = PBXResourcesBuildPhase;
			buildActionMask = 2147483647;
			files = (
				6C810BAD2170D60E00C2D942 /* airports1000.json in Resources */,
				6C810BAA2170D60E00C2D942 /* airports10.json in Resources */,
				6C810BA92170D60E00C2D942 /* airports100.json in Resources */,
				6C810BAB2170D60E00C2D942 /* airports1.json in Resources */,
				6C810BAC2170D60E00C2D942 /* airports10000.json in Resources */,
			);
			runOnlyForDeploymentPostprocessing = 0;
		};
/* End PBXResourcesBuildPhase section */

/* Begin PBXShellScriptBuildPhase section */
		B56C4B8CAA11AC85873F52B6 /* [CP] Check Pods Manifest.lock */ = {
			isa = PBXShellScriptBuildPhase;
			buildActionMask = 2147483647;
			files = (
			);
			inputFileListPaths = (
			);
			inputPaths = (
				"${PODS_PODFILE_DIR_PATH}/Podfile.lock",
				"${PODS_ROOT}/Manifest.lock",
			);
			name = "[CP] Check Pods Manifest.lock";
			outputFileListPaths = (
			);
			outputPaths = (
				"$(DERIVED_FILE_DIR)/Pods-CleanJSON_Example-checkManifestLockResult.txt",
			);
			runOnlyForDeploymentPostprocessing = 0;
			shellPath = /bin/sh;
			shellScript = "diff \"${PODS_PODFILE_DIR_PATH}/Podfile.lock\" \"${PODS_ROOT}/Manifest.lock\" > /dev/null\nif [ $? != 0 ] ; then\n    # print error to STDERR\n    echo \"error: The sandbox is not in sync with the Podfile.lock. Run 'pod install' or update your CocoaPods installation.\" >&2\n    exit 1\nfi\n# This output is used by Xcode 'outputs' to avoid re-running this script phase.\necho \"SUCCESS\" > \"${SCRIPT_OUTPUT_FILE_0}\"\n";
			showEnvVarsInLog = 0;
		};
		C64760B4748992DDAF27C0F9 /* [CP] Check Pods Manifest.lock */ = {
			isa = PBXShellScriptBuildPhase;
			buildActionMask = 2147483647;
			files = (
			);
			inputFileListPaths = (
			);
			inputPaths = (
				"${PODS_PODFILE_DIR_PATH}/Podfile.lock",
				"${PODS_ROOT}/Manifest.lock",
			);
			name = "[CP] Check Pods Manifest.lock";
			outputFileListPaths = (
			);
			outputPaths = (
				"$(DERIVED_FILE_DIR)/Pods-CleanJSON_Tests-checkManifestLockResult.txt",
			);
			runOnlyForDeploymentPostprocessing = 0;
			shellPath = /bin/sh;
			shellScript = "diff \"${PODS_PODFILE_DIR_PATH}/Podfile.lock\" \"${PODS_ROOT}/Manifest.lock\" > /dev/null\nif [ $? != 0 ] ; then\n    # print error to STDERR\n    echo \"error: The sandbox is not in sync with the Podfile.lock. Run 'pod install' or update your CocoaPods installation.\" >&2\n    exit 1\nfi\n# This output is used by Xcode 'outputs' to avoid re-running this script phase.\necho \"SUCCESS\" > \"${SCRIPT_OUTPUT_FILE_0}\"\n";
			showEnvVarsInLog = 0;
		};
		EE99846A2184A95FD2EEED8A /* [CP] Embed Pods Frameworks */ = {
			isa = PBXShellScriptBuildPhase;
			buildActionMask = 2147483647;
			files = (
			);
			inputPaths = (
			);
			name = "[CP] Embed Pods Frameworks";
			outputPaths = (
			);
			runOnlyForDeploymentPostprocessing = 0;
			shellPath = /bin/sh;
			shellScript = "\"${PODS_ROOT}/Target Support Files/Pods-CleanJSON_Example/Pods-CleanJSON_Example-frameworks.sh\"\n";
			showEnvVarsInLog = 0;
		};
/* End PBXShellScriptBuildPhase section */

/* Begin PBXSourcesBuildPhase section */
		607FACCC1AFB9204008FA782 /* Sources */ = {
			isa = PBXSourcesBuildPhase;
			buildActionMask = 2147483647;
			files = (
				607FACD81AFB9204008FA782 /* ViewController.swift in Sources */,
				607FACD61AFB9204008FA782 /* AppDelegate.swift in Sources */,
			);
			runOnlyForDeploymentPostprocessing = 0;
		};
		607FACE11AFB9204008FA782 /* Sources */ = {
			isa = PBXSourcesBuildPhase;
			buildActionMask = 2147483647;
			files = (
				6CE9EB5C225349910054AABF /* DecodeDecimalTests.swift in Sources */,
				6C75F401229CBF6F00FFE050 /* DecodeOptionalTests.swift in Sources */,
				6C810BA32170D56B00C2D942 /* PerformanceTests.swift in Sources */,
				6C7C0AD92225765D009D9E1D /* NestedContainerTests.swift in Sources */,
				6C7C0ADB22257CB0009D9E1D /* NestedUnkeyedContainerTests.swift in Sources */,
				6CF8AFA224F6C616005EC258 /* JSONContainerTests.swift in Sources */,
				607FACEC1AFB9204008FA782 /* Tests.swift in Sources */,
				6C0DD92F2244C84500CED4F4 /* JSONAdapterTests.swift in Sources */,
				6C3FCB1524C6A1B1008E523B /* CodingKeysConverterTests.swift in Sources */,
				6CE9EB5A225346660054AABF /* DecodeDateTests.swift in Sources */,
			);
			runOnlyForDeploymentPostprocessing = 0;
		};
/* End PBXSourcesBuildPhase section */

/* Begin PBXTargetDependency section */
		607FACE71AFB9204008FA782 /* PBXTargetDependency */ = {
			isa = PBXTargetDependency;
			target = 607FACCF1AFB9204008FA782 /* CleanJSON_Example */;
			targetProxy = 607FACE61AFB9204008FA782 /* PBXContainerItemProxy */;
		};
/* End PBXTargetDependency section */

/* Begin PBXVariantGroup section */
		607FACD91AFB9204008FA782 /* Main.storyboard */ = {
			isa = PBXVariantGroup;
			children = (
				607FACDA1AFB9204008FA782 /* Base */,
			);
			name = Main.storyboard;
			sourceTree = "<group>";
		};
		607FACDE1AFB9204008FA782 /* LaunchScreen.xib */ = {
			isa = PBXVariantGroup;
			children = (
				607FACDF1AFB9204008FA782 /* Base */,
			);
			name = LaunchScreen.xib;
			sourceTree = "<group>";
		};
/* End PBXVariantGroup section */

/* Begin XCBuildConfiguration section */
		607FACED1AFB9204008FA782 /* Debug */ = {
			isa = XCBuildConfiguration;
			buildSettings = {
				ALWAYS_SEARCH_USER_PATHS = NO;
				CLANG_ANALYZER_LOCALIZABILITY_NONLOCALIZED = YES;
				CLANG_CXX_LANGUAGE_STANDARD = "gnu++0x";
				CLANG_CXX_LIBRARY = "libc++";
				CLANG_ENABLE_MODULES = YES;
				CLANG_ENABLE_OBJC_ARC = YES;
				CLANG_WARN_BLOCK_CAPTURE_AUTORELEASING = YES;
				CLANG_WARN_BOOL_CONVERSION = YES;
				CLANG_WARN_COMMA = YES;
				CLANG_WARN_CONSTANT_CONVERSION = YES;
				CLANG_WARN_DEPRECATED_OBJC_IMPLEMENTATIONS = YES;
				CLANG_WARN_DIRECT_OBJC_ISA_USAGE = YES_ERROR;
				CLANG_WARN_EMPTY_BODY = YES;
				CLANG_WARN_ENUM_CONVERSION = YES;
				CLANG_WARN_INFINITE_RECURSION = YES;
				CLANG_WARN_INT_CONVERSION = YES;
				CLANG_WARN_NON_LITERAL_NULL_CONVERSION = YES;
				CLANG_WARN_OBJC_IMPLICIT_RETAIN_SELF = YES;
				CLANG_WARN_OBJC_LITERAL_CONVERSION = YES;
				CLANG_WARN_OBJC_ROOT_CLASS = YES_ERROR;
				CLANG_WARN_QUOTED_INCLUDE_IN_FRAMEWORK_HEADER = YES;
				CLANG_WARN_RANGE_LOOP_ANALYSIS = YES;
				CLANG_WARN_STRICT_PROTOTYPES = YES;
				CLANG_WARN_SUSPICIOUS_MOVE = YES;
				CLANG_WARN_UNREACHABLE_CODE = YES;
				CLANG_WARN__DUPLICATE_METHOD_MATCH = YES;
				"CODE_SIGN_IDENTITY[sdk=iphoneos*]" = "iPhone Developer";
				COPY_PHASE_STRIP = NO;
				DEBUG_INFORMATION_FORMAT = "dwarf-with-dsym";
				ENABLE_STRICT_OBJC_MSGSEND = YES;
				ENABLE_TESTABILITY = YES;
				GCC_C_LANGUAGE_STANDARD = gnu99;
				GCC_DYNAMIC_NO_PIC = NO;
				GCC_NO_COMMON_BLOCKS = YES;
				GCC_OPTIMIZATION_LEVEL = 0;
				GCC_PREPROCESSOR_DEFINITIONS = (
					"DEBUG=1",
					"$(inherited)",
				);
				GCC_SYMBOLS_PRIVATE_EXTERN = NO;
				GCC_WARN_64_TO_32_BIT_CONVERSION = YES;
				GCC_WARN_ABOUT_RETURN_TYPE = YES_ERROR;
				GCC_WARN_UNDECLARED_SELECTOR = YES;
				GCC_WARN_UNINITIALIZED_AUTOS = YES_AGGRESSIVE;
				GCC_WARN_UNUSED_FUNCTION = YES;
				GCC_WARN_UNUSED_VARIABLE = YES;
				IPHONEOS_DEPLOYMENT_TARGET = 12.0;
				MTL_ENABLE_DEBUG_INFO = YES;
				ONLY_ACTIVE_ARCH = YES;
				SDKROOT = iphoneos;
				SWIFT_OPTIMIZATION_LEVEL = "-Onone";
			};
			name = Debug;
		};
		607FACEE1AFB9204008FA782 /* Release */ = {
			isa = XCBuildConfiguration;
			buildSettings = {
				ALWAYS_SEARCH_USER_PATHS = NO;
				CLANG_ANALYZER_LOCALIZABILITY_NONLOCALIZED = YES;
				CLANG_CXX_LANGUAGE_STANDARD = "gnu++0x";
				CLANG_CXX_LIBRARY = "libc++";
				CLANG_ENABLE_MODULES = YES;
				CLANG_ENABLE_OBJC_ARC = YES;
				CLANG_WARN_BLOCK_CAPTURE_AUTORELEASING = YES;
				CLANG_WARN_BOOL_CONVERSION = YES;
				CLANG_WARN_COMMA = YES;
				CLANG_WARN_CONSTANT_CONVERSION = YES;
				CLANG_WARN_DEPRECATED_OBJC_IMPLEMENTATIONS = YES;
				CLANG_WARN_DIRECT_OBJC_ISA_USAGE = YES_ERROR;
				CLANG_WARN_EMPTY_BODY = YES;
				CLANG_WARN_ENUM_CONVERSION = YES;
				CLANG_WARN_INFINITE_RECURSION = YES;
				CLANG_WARN_INT_CONVERSION = YES;
				CLANG_WARN_NON_LITERAL_NULL_CONVERSION = YES;
				CLANG_WARN_OBJC_IMPLICIT_RETAIN_SELF = YES;
				CLANG_WARN_OBJC_LITERAL_CONVERSION = YES;
				CLANG_WARN_OBJC_ROOT_CLASS = YES_ERROR;
				CLANG_WARN_QUOTED_INCLUDE_IN_FRAMEWORK_HEADER = YES;
				CLANG_WARN_RANGE_LOOP_ANALYSIS = YES;
				CLANG_WARN_STRICT_PROTOTYPES = YES;
				CLANG_WARN_SUSPICIOUS_MOVE = YES;
				CLANG_WARN_UNREACHABLE_CODE = YES;
				CLANG_WARN__DUPLICATE_METHOD_MATCH = YES;
				"CODE_SIGN_IDENTITY[sdk=iphoneos*]" = "iPhone Developer";
				COPY_PHASE_STRIP = NO;
				DEBUG_INFORMATION_FORMAT = "dwarf-with-dsym";
				ENABLE_NS_ASSERTIONS = NO;
				ENABLE_STRICT_OBJC_MSGSEND = YES;
				GCC_C_LANGUAGE_STANDARD = gnu99;
				GCC_NO_COMMON_BLOCKS = YES;
				GCC_WARN_64_TO_32_BIT_CONVERSION = YES;
				GCC_WARN_ABOUT_RETURN_TYPE = YES_ERROR;
				GCC_WARN_UNDECLARED_SELECTOR = YES;
				GCC_WARN_UNINITIALIZED_AUTOS = YES_AGGRESSIVE;
				GCC_WARN_UNUSED_FUNCTION = YES;
				GCC_WARN_UNUSED_VARIABLE = YES;
				IPHONEOS_DEPLOYMENT_TARGET = 12.0;
				MTL_ENABLE_DEBUG_INFO = NO;
				SDKROOT = iphoneos;
				SWIFT_OPTIMIZATION_LEVEL = "-Owholemodule";
				VALIDATE_PRODUCT = YES;
			};
			name = Release;
		};
		607FACF01AFB9204008FA782 /* Debug */ = {
			isa = XCBuildConfiguration;
			baseConfigurationReference = D26FF17EF1A0E99CEC06736F /* Pods-CleanJSON_Example.debug.xcconfig */;
			buildSettings = {
				ASSETCATALOG_COMPILER_APPICON_NAME = AppIcon;
				INFOPLIST_FILE = CleanJSON/Info.plist;
				IPHONEOS_DEPLOYMENT_TARGET = 12.0;
				LD_RUNPATH_SEARCH_PATHS = "$(inherited) @executable_path/Frameworks";
				MODULE_NAME = ExampleApp;
				PRODUCT_BUNDLE_IDENTIFIER = "org.cocoapods.demo.$(PRODUCT_NAME:rfc1034identifier)";
				PRODUCT_NAME = "$(TARGET_NAME)";
				SWIFT_VERSION = 5.0;
			};
			name = Debug;
		};
		607FACF11AFB9204008FA782 /* Release */ = {
			isa = XCBuildConfiguration;
			baseConfigurationReference = 432D8697BBE14AE877C685D8 /* Pods-CleanJSON_Example.release.xcconfig */;
			buildSettings = {
				ASSETCATALOG_COMPILER_APPICON_NAME = AppIcon;
				INFOPLIST_FILE = CleanJSON/Info.plist;
				IPHONEOS_DEPLOYMENT_TARGET = 12.0;
				LD_RUNPATH_SEARCH_PATHS = "$(inherited) @executable_path/Frameworks";
				MODULE_NAME = ExampleApp;
				PRODUCT_BUNDLE_IDENTIFIER = "org.cocoapods.demo.$(PRODUCT_NAME:rfc1034identifier)";
				PRODUCT_NAME = "$(TARGET_NAME)";
				SWIFT_VERSION = 5.0;
			};
			name = Release;
		};
		607FACF31AFB9204008FA782 /* Debug */ = {
			isa = XCBuildConfiguration;
			baseConfigurationReference = D7401AF4E81AB65E4EE0AFFF /* Pods-CleanJSON_Tests.debug.xcconfig */;
			buildSettings = {
				FRAMEWORK_SEARCH_PATHS = "$(inherited)";
				GCC_PREPROCESSOR_DEFINITIONS = (
					"DEBUG=1",
					"$(inherited)",
				);
				INFOPLIST_FILE = Tests/Info.plist;
				LD_RUNPATH_SEARCH_PATHS = "$(inherited) @executable_path/Frameworks @loader_path/Frameworks";
				PRODUCT_BUNDLE_IDENTIFIER = "org.cocoapods.$(PRODUCT_NAME:rfc1034identifier)";
				PRODUCT_NAME = "$(TARGET_NAME)";
				SWIFT_VERSION = 5.0;
				TEST_HOST = "$(BUILT_PRODUCTS_DIR)/CleanJSON_Example.app/CleanJSON_Example";
			};
			name = Debug;
		};
		607FACF41AFB9204008FA782 /* Release */ = {
			isa = XCBuildConfiguration;
			baseConfigurationReference = 2E29CB7863EEBAA5DC8938FD /* Pods-CleanJSON_Tests.release.xcconfig */;
			buildSettings = {
				FRAMEWORK_SEARCH_PATHS = "$(inherited)";
				INFOPLIST_FILE = Tests/Info.plist;
				LD_RUNPATH_SEARCH_PATHS = "$(inherited) @executable_path/Frameworks @loader_path/Frameworks";
				PRODUCT_BUNDLE_IDENTIFIER = "org.cocoapods.$(PRODUCT_NAME:rfc1034identifier)";
				PRODUCT_NAME = "$(TARGET_NAME)";
				SWIFT_VERSION = 5.0;
				TEST_HOST = "$(BUILT_PRODUCTS_DIR)/CleanJSON_Example.app/CleanJSON_Example";
			};
			name = Release;
		};
/* End XCBuildConfiguration section */

/* Begin XCConfigurationList section */
		607FACCB1AFB9204008FA782 /* Build configuration list for PBXProject "CleanJSON" */ = {
			isa = XCConfigurationList;
			buildConfigurations = (
				607FACED1AFB9204008FA782 /* Debug */,
				607FACEE1AFB9204008FA782 /* Release */,
			);
			defaultConfigurationIsVisible = 0;
			defaultConfigurationName = Release;
		};
		607FACEF1AFB9204008FA782 /* Build configuration list for PBXNativeTarget "CleanJSON_Example" */ = {
			isa = XCConfigurationList;
			buildConfigurations = (
				607FACF01AFB9204008FA782 /* Debug */,
				607FACF11AFB9204008FA782 /* Release */,
			);
			defaultConfigurationIsVisible = 0;
			defaultConfigurationName = Release;
		};
		607FACF21AFB9204008FA782 /* Build configuration list for PBXNativeTarget "CleanJSON_Tests" */ = {
			isa = XCConfigurationList;
			buildConfigurations = (
				607FACF31AFB9204008FA782 /* Debug */,
				607FACF41AFB9204008FA782 /* Release */,
			);
			defaultConfigurationIsVisible = 0;
			defaultConfigurationName = Release;
		};
/* End XCConfigurationList section */
	};
	rootObject = 607FACC81AFB9204008FA782 /* Project object */;
}
