// !$*UTF8*$!
{
	archiveVersion = 1;
	classes = {
	};
	objectVersion = 50;
	objects = {

/* Begin PBXBuildFile section */
		6C810B3E216E562B00C2D942 /* CleanJSONDecoder.swift in Sources */ = {isa = PBXBuildFile; fileRef = 6C810B3D216E562B00C2D942 /* CleanJSONDecoder.swift */; };
		6C810B40216E569300C2D942 /* _CleanJSONDecoder.swift in Sources */ = {isa = PBXBuildFile; fileRef = 6C810B3F216E569300C2D942 /* _CleanJSONDecoder.swift */; };
		6C810B42216E571600C2D942 /* _CleanJSONDecodingStorage.swift in Sources */ = {isa = PBXBuildFile; fileRef = 6C810B41216E571600C2D942 /* _CleanJSONDecodingStorage.swift */; };
		6C810B44216E57A400C2D942 /* _CleanJSONKeyedDecodingContainer.swift in Sources */ = {isa = PBXBuildFile; fileRef = 6C810B43216E57A400C2D942 /* _CleanJSONKeyedDecodingContainer.swift */; };
		6C810B46216E595C00C2D942 /* _CleanJSONDecoder+Unbox.swift in Sources */ = {isa = PBXBuildFile; fileRef = 6C810B45216E595C00C2D942 /* _CleanJSONDecoder+Unbox.swift */; };
		6C810B48216E5A4300C2D942 /* _CleanJSONKey.swift in Sources */ = {isa = PBXBuildFile; fileRef = 6C810B47216E5A4300C2D942 /* _CleanJSONKey.swift */; };
		6C810B4A216E5B7300C2D942 /* _CleanJSONUnkeyedDecodingContainer.swift in Sources */ = {isa = PBXBuildFile; fileRef = 6C810B49216E5B7300C2D942 /* _CleanJSONUnkeyedDecodingContainer.swift */; };
		6C810B4C216E5DA600C2D942 /* _CleanJSONDecoder+SingleValueDecodingContainer.swift in Sources */ = {isa = PBXBuildFile; fileRef = 6C810B4B216E5DA600C2D942 /* _CleanJSONDecoder+SingleValueDecodingContainer.swift */; };
		6C810B67216E685C00C2D942 /* _CleanJSONUnkeyedDecodingContainer.swift in Sources */ = {isa = PBXBuildFile; fileRef = 6C810B5F216E685C00C2D942 /* _CleanJSONUnkeyedDecodingContainer.swift */; };
		6C810B68216E685C00C2D942 /* _CleanJSONDecoder+SingleValueDecodingContainer.swift in Sources */ = {isa = PBXBuildFile; fileRef = 6C810B60216E685C00C2D942 /* _CleanJSONDecoder+SingleValueDecodingContainer.swift */; };
		6C810B69216E685C00C2D942 /* _CleanJSONKey.swift in Sources */ = {isa = PBXBuildFile; fileRef = 6C810B61216E685C00C2D942 /* _CleanJSONKey.swift */; };
		6C810B6A216E685C00C2D942 /* _CleanJSONKeyedDecodingContainer.swift in Sources */ = {isa = PBXBuildFile; fileRef = 6C810B62216E685C00C2D942 /* _CleanJSONKeyedDecodingContainer.swift */; };
		6C810B6B216E685C00C2D942 /* _CleanJSONDecodingStorage.swift in Sources */ = {isa = PBXBuildFile; fileRef = 6C810B63216E685C00C2D942 /* _CleanJSONDecodingStorage.swift */; };
		6C810B6C216E685C00C2D942 /* _CleanJSONDecoder+Unbox.swift in Sources */ = {isa = PBXBuildFile; fileRef = 6C810B64216E685C00C2D942 /* _CleanJSONDecoder+Unbox.swift */; };
		6C810B6D216E685C00C2D942 /* _CleanJSONDecoder.swift in Sources */ = {isa = PBXBuildFile; fileRef = 6C810B65216E685C00C2D942 /* _CleanJSONDecoder.swift */; };
		6C810B6E216E685C00C2D942 /* CleanJSONDecoder.swift in Sources */ = {isa = PBXBuildFile; fileRef = 6C810B66216E685C00C2D942 /* CleanJSONDecoder.swift */; };
		6C810B70216E7F5500C2D942 /* DecodingError+TypeMismatch.swift in Sources */ = {isa = PBXBuildFile; fileRef = 6C810B6F216E7F5500C2D942 /* DecodingError+TypeMismatch.swift */; };
		6CA82BFD2138CFEA004A2F2A /* airports100.json in Resources */ = {isa = PBXBuildFile; fileRef = 6CA82BF82138CFEA004A2F2A /* airports100.json */; };
		6CA82BFE2138CFEA004A2F2A /* airports1.json in Resources */ = {isa = PBXBuildFile; fileRef = 6CA82BF92138CFEA004A2F2A /* airports1.json */; };
		6CA82BFF2138CFEA004A2F2A /* airports1000.json in Resources */ = {isa = PBXBuildFile; fileRef = 6CA82BFA2138CFEA004A2F2A /* airports1000.json */; };
		6CA82C002138CFEA004A2F2A /* airports10.json in Resources */ = {isa = PBXBuildFile; fileRef = 6CA82BFB2138CFEA004A2F2A /* airports10.json */; };
		6CA82C012138CFEA004A2F2A /* airports10000.json in Resources */ = {isa = PBXBuildFile; fileRef = 6CA82BFC2138CFEA004A2F2A /* airports10000.json */; };
		6CA82C032138D01D004A2F2A /* CleanJSONPerformanceTest.swift in Sources */ = {isa = PBXBuildFile; fileRef = 6CA82C022138D01D004A2F2A /* CleanJSONPerformanceTest.swift */; };
		B56ED37D209AD0190054B464 /* AppDelegate.swift in Sources */ = {isa = PBXBuildFile; fileRef = B56ED37C209AD0190054B464 /* AppDelegate.swift */; };
		B56ED37F209AD0190054B464 /* ViewController.swift in Sources */ = {isa = PBXBuildFile; fileRef = B56ED37E209AD0190054B464 /* ViewController.swift */; };
		B56ED382209AD0190054B464 /* Main.storyboard in Resources */ = {isa = PBXBuildFile; fileRef = B56ED380209AD0190054B464 /* Main.storyboard */; };
		B56ED384209AD01A0054B464 /* Assets.xcassets in Resources */ = {isa = PBXBuildFile; fileRef = B56ED383209AD01A0054B464 /* Assets.xcassets */; };
		B56ED387209AD01A0054B464 /* LaunchScreen.storyboard in Resources */ = {isa = PBXBuildFile; fileRef = B56ED385209AD01A0054B464 /* LaunchScreen.storyboard */; };
		B56ED392209AD01B0054B464 /* CleanJSONTests.swift in Sources */ = {isa = PBXBuildFile; fileRef = B56ED391209AD01B0054B464 /* CleanJSONTests.swift */; };
		B56ED39D209AD01B0054B464 /* CleanJSONUITests.swift in Sources */ = {isa = PBXBuildFile; fileRef = B56ED39C209AD01B0054B464 /* CleanJSONUITests.swift */; };
/* End PBXBuildFile section */

/* Begin PBXContainerItemProxy section */
		B56ED38E209AD01B0054B464 /* PBXContainerItemProxy */ = {
			isa = PBXContainerItemProxy;
			containerPortal = B56ED371209AD0180054B464 /* Project object */;
			proxyType = 1;
			remoteGlobalIDString = B56ED378209AD0190054B464;
			remoteInfo = CleanJSON;
		};
		B56ED399209AD01B0054B464 /* PBXContainerItemProxy */ = {
			isa = PBXContainerItemProxy;
			containerPortal = B56ED371209AD0180054B464 /* Project object */;
			proxyType = 1;
			remoteGlobalIDString = B56ED378209AD0190054B464;
			remoteInfo = CleanJSON;
		};
/* End PBXContainerItemProxy section */

/* Begin PBXFileReference section */
		6C810B3D216E562B00C2D942 /* CleanJSONDecoder.swift */ = {isa = PBXFileReference; lastKnownFileType = sourcecode.swift; path = CleanJSONDecoder.swift; sourceTree = "<group>"; };
		6C810B3F216E569300C2D942 /* _CleanJSONDecoder.swift */ = {isa = PBXFileReference; lastKnownFileType = sourcecode.swift; path = _CleanJSONDecoder.swift; sourceTree = "<group>"; };
		6C810B41216E571600C2D942 /* _CleanJSONDecodingStorage.swift */ = {isa = PBXFileReference; lastKnownFileType = sourcecode.swift; path = _CleanJSONDecodingStorage.swift; sourceTree = "<group>"; };
		6C810B43216E57A400C2D942 /* _CleanJSONKeyedDecodingContainer.swift */ = {isa = PBXFileReference; lastKnownFileType = sourcecode.swift; path = _CleanJSONKeyedDecodingContainer.swift; sourceTree = "<group>"; };
		6C810B45216E595C00C2D942 /* _CleanJSONDecoder+Unbox.swift */ = {isa = PBXFileReference; lastKnownFileType = sourcecode.swift; path = "_CleanJSONDecoder+Unbox.swift"; sourceTree = "<group>"; };
		6C810B47216E5A4300C2D942 /* _CleanJSONKey.swift */ = {isa = PBXFileReference; lastKnownFileType = sourcecode.swift; path = _CleanJSONKey.swift; sourceTree = "<group>"; };
		6C810B49216E5B7300C2D942 /* _CleanJSONUnkeyedDecodingContainer.swift */ = {isa = PBXFileReference; lastKnownFileType = sourcecode.swift; path = _CleanJSONUnkeyedDecodingContainer.swift; sourceTree = "<group>"; };
		6C810B4B216E5DA600C2D942 /* _CleanJSONDecoder+SingleValueDecodingContainer.swift */ = {isa = PBXFileReference; lastKnownFileType = sourcecode.swift; path = "_CleanJSONDecoder+SingleValueDecodingContainer.swift"; sourceTree = "<group>"; };
		6C810B5F216E685C00C2D942 /* _CleanJSONUnkeyedDecodingContainer.swift */ = {isa = PBXFileReference; fileEncoding = 4; lastKnownFileType = sourcecode.swift; path = _CleanJSONUnkeyedDecodingContainer.swift; sourceTree = "<group>"; };
		6C810B60216E685C00C2D942 /* _CleanJSONDecoder+SingleValueDecodingContainer.swift */ = {isa = PBXFileReference; fileEncoding = 4; lastKnownFileType = sourcecode.swift; path = "_CleanJSONDecoder+SingleValueDecodingContainer.swift"; sourceTree = "<group>"; };
		6C810B61216E685C00C2D942 /* _CleanJSONKey.swift */ = {isa = PBXFileReference; fileEncoding = 4; lastKnownFileType = sourcecode.swift; path = _CleanJSONKey.swift; sourceTree = "<group>"; };
		6C810B62216E685C00C2D942 /* _CleanJSONKeyedDecodingContainer.swift */ = {isa = PBXFileReference; fileEncoding = 4; lastKnownFileType = sourcecode.swift; path = _CleanJSONKeyedDecodingContainer.swift; sourceTree = "<group>"; };
		6C810B63216E685C00C2D942 /* _CleanJSONDecodingStorage.swift */ = {isa = PBXFileReference; fileEncoding = 4; lastKnownFileType = sourcecode.swift; path = _CleanJSONDecodingStorage.swift; sourceTree = "<group>"; };
		6C810B64216E685C00C2D942 /* _CleanJSONDecoder+Unbox.swift */ = {isa = PBXFileReference; fileEncoding = 4; lastKnownFileType = sourcecode.swift; path = "_CleanJSONDecoder+Unbox.swift"; sourceTree = "<group>"; };
		6C810B65216E685C00C2D942 /* _CleanJSONDecoder.swift */ = {isa = PBXFileReference; fileEncoding = 4; lastKnownFileType = sourcecode.swift; path = _CleanJSONDecoder.swift; sourceTree = "<group>"; };
		6C810B66216E685C00C2D942 /* CleanJSONDecoder.swift */ = {isa = PBXFileReference; fileEncoding = 4; lastKnownFileType = sourcecode.swift; path = CleanJSONDecoder.swift; sourceTree = "<group>"; };
		6C810B6F216E7F5500C2D942 /* DecodingError+TypeMismatch.swift */ = {isa = PBXFileReference; lastKnownFileType = sourcecode.swift; path = "DecodingError+TypeMismatch.swift"; sourceTree = "<group>"; };
		6CA82BF82138CFEA004A2F2A /* airports100.json */ = {isa = PBXFileReference; fileEncoding = 4; lastKnownFileType = text.json; path = airports100.json; sourceTree = "<group>"; };
		6CA82BF92138CFEA004A2F2A /* airports1.json */ = {isa = PBXFileReference; fileEncoding = 4; lastKnownFileType = text.json; path = airports1.json; sourceTree = "<group>"; };
		6CA82BFA2138CFEA004A2F2A /* airports1000.json */ = {isa = PBXFileReference; fileEncoding = 4; lastKnownFileType = text.json; path = airports1000.json; sourceTree = "<group>"; };
		6CA82BFB2138CFEA004A2F2A /* airports10.json */ = {isa = PBXFileReference; fileEncoding = 4; lastKnownFileType = text.json; path = airports10.json; sourceTree = "<group>"; };
		6CA82BFC2138CFEA004A2F2A /* airports10000.json */ = {isa = PBXFileReference; fileEncoding = 4; lastKnownFileType = text.json; path = airports10000.json; sourceTree = "<group>"; };
		6CA82C022138D01D004A2F2A /* CleanJSONPerformanceTest.swift */ = {isa = PBXFileReference; lastKnownFileType = sourcecode.swift; path = CleanJSONPerformanceTest.swift; sourceTree = "<group>"; };
		B56ED379209AD0190054B464 /* CleanJSON.app */ = {isa = PBXFileReference; explicitFileType = wrapper.application; includeInIndex = 0; path = CleanJSON.app; sourceTree = BUILT_PRODUCTS_DIR; };
		B56ED37C209AD0190054B464 /* AppDelegate.swift */ = {isa = PBXFileReference; lastKnownFileType = sourcecode.swift; path = AppDelegate.swift; sourceTree = "<group>"; };
		B56ED37E209AD0190054B464 /* ViewController.swift */ = {isa = PBXFileReference; lastKnownFileType = sourcecode.swift; path = ViewController.swift; sourceTree = "<group>"; };
		B56ED381209AD0190054B464 /* Base */ = {isa = PBXFileReference; lastKnownFileType = file.storyboard; name = Base; path = Base.lproj/Main.storyboard; sourceTree = "<group>"; };
		B56ED383209AD01A0054B464 /* Assets.xcassets */ = {isa = PBXFileReference; lastKnownFileType = folder.assetcatalog; path = Assets.xcassets; sourceTree = "<group>"; };
		B56ED386209AD01A0054B464 /* Base */ = {isa = PBXFileReference; lastKnownFileType = file.storyboard; name = Base; path = Base.lproj/LaunchScreen.storyboard; sourceTree = "<group>"; };
		B56ED388209AD01A0054B464 /* Info.plist */ = {isa = PBXFileReference; lastKnownFileType = text.plist.xml; path = Info.plist; sourceTree = "<group>"; };
		B56ED38D209AD01B0054B464 /* CleanJSONTests.xctest */ = {isa = PBXFileReference; explicitFileType = wrapper.cfbundle; includeInIndex = 0; path = CleanJSONTests.xctest; sourceTree = BUILT_PRODUCTS_DIR; };
		B56ED391209AD01B0054B464 /* CleanJSONTests.swift */ = {isa = PBXFileReference; lastKnownFileType = sourcecode.swift; path = CleanJSONTests.swift; sourceTree = "<group>"; };
		B56ED393209AD01B0054B464 /* Info.plist */ = {isa = PBXFileReference; lastKnownFileType = text.plist.xml; path = Info.plist; sourceTree = "<group>"; };
		B56ED398209AD01B0054B464 /* CleanJSONUITests.xctest */ = {isa = PBXFileReference; explicitFileType = wrapper.cfbundle; includeInIndex = 0; path = CleanJSONUITests.xctest; sourceTree = BUILT_PRODUCTS_DIR; };
		B56ED39C209AD01B0054B464 /* CleanJSONUITests.swift */ = {isa = PBXFileReference; lastKnownFileType = sourcecode.swift; path = CleanJSONUITests.swift; sourceTree = "<group>"; };
		B56ED39E209AD01B0054B464 /* Info.plist */ = {isa = PBXFileReference; lastKnownFileType = text.plist.xml; path = Info.plist; sourceTree = "<group>"; };
/* End PBXFileReference section */

/* Begin PBXFrameworksBuildPhase section */
		B56ED376209AD0190054B464 /* Frameworks */ = {
			isa = PBXFrameworksBuildPhase;
			buildActionMask = 2147483647;
			files = (
			);
			runOnlyForDeploymentPostprocessing = 0;
		};
		B56ED38A209AD01B0054B464 /* Frameworks */ = {
			isa = PBXFrameworksBuildPhase;
			buildActionMask = 2147483647;
			files = (
			);
			runOnlyForDeploymentPostprocessing = 0;
		};
		B56ED395209AD01B0054B464 /* Frameworks */ = {
			isa = PBXFrameworksBuildPhase;
			buildActionMask = 2147483647;
			files = (
			);
			runOnlyForDeploymentPostprocessing = 0;
		};
/* End PBXFrameworksBuildPhase section */

/* Begin PBXGroup section */
		6C810B30216E511100C2D942 /* Decoder */ = {
			isa = PBXGroup;
			children = (
				6C810B3D216E562B00C2D942 /* CleanJSONDecoder.swift */,
				6C810B3F216E569300C2D942 /* _CleanJSONDecoder.swift */,
				6C810B41216E571600C2D942 /* _CleanJSONDecodingStorage.swift */,
				6C810B43216E57A400C2D942 /* _CleanJSONKeyedDecodingContainer.swift */,
				6C810B49216E5B7300C2D942 /* _CleanJSONUnkeyedDecodingContainer.swift */,
				6C810B45216E595C00C2D942 /* _CleanJSONDecoder+Unbox.swift */,
				6C810B4B216E5DA600C2D942 /* _CleanJSONDecoder+SingleValueDecodingContainer.swift */,
				6C810B47216E5A4300C2D942 /* _CleanJSONKey.swift */,
				6C810B6F216E7F5500C2D942 /* DecodingError+TypeMismatch.swift */,
			);
			path = Decoder;
			sourceTree = "<group>";
		};
		6C810B5E216E685B00C2D942 /* Decoder */ = {
			isa = PBXGroup;
			children = (
				6C810B5F216E685C00C2D942 /* _CleanJSONUnkeyedDecodingContainer.swift */,
				6C810B60216E685C00C2D942 /* _CleanJSONDecoder+SingleValueDecodingContainer.swift */,
				6C810B61216E685C00C2D942 /* _CleanJSONKey.swift */,
				6C810B62216E685C00C2D942 /* _CleanJSONKeyedDecodingContainer.swift */,
				6C810B63216E685C00C2D942 /* _CleanJSONDecodingStorage.swift */,
				6C810B64216E685C00C2D942 /* _CleanJSONDecoder+Unbox.swift */,
				6C810B65216E685C00C2D942 /* _CleanJSONDecoder.swift */,
				6C810B66216E685C00C2D942 /* CleanJSONDecoder.swift */,
			);
			name = Decoder;
			path = Sources/Decoder;
			sourceTree = SOURCE_ROOT;
		};
		B56ED370209AD0180054B464 = {
			isa = PBXGroup;
			children = (
				B56ED3AA209AD0F80054B464 /* Sources */,
				B56ED37B209AD0190054B464 /* CleanJSON */,
				B56ED390209AD01B0054B464 /* CleanJSONTests */,
				B56ED39B209AD01B0054B464 /* CleanJSONUITests */,
				B56ED37A209AD0190054B464 /* Products */,
			);
			sourceTree = "<group>";
		};
		B56ED37A209AD0190054B464 /* Products */ = {
			isa = PBXGroup;
			children = (
				B56ED379209AD0190054B464 /* CleanJSON.app */,
				B56ED38D209AD01B0054B464 /* CleanJSONTests.xctest */,
				B56ED398209AD01B0054B464 /* CleanJSONUITests.xctest */,
			);
			name = Products;
			sourceTree = "<group>";
		};
		B56ED37B209AD0190054B464 /* CleanJSON */ = {
			isa = PBXGroup;
			children = (
				B56ED37C209AD0190054B464 /* AppDelegate.swift */,
				B56ED37E209AD0190054B464 /* ViewController.swift */,
				B56ED380209AD0190054B464 /* Main.storyboard */,
				B56ED383209AD01A0054B464 /* Assets.xcassets */,
				B56ED385209AD01A0054B464 /* LaunchScreen.storyboard */,
				B56ED388209AD01A0054B464 /* Info.plist */,
			);
			path = CleanJSON;
			sourceTree = "<group>";
		};
		B56ED390209AD01B0054B464 /* CleanJSONTests */ = {
			isa = PBXGroup;
			children = (
				6C810B5E216E685B00C2D942 /* Decoder */,
				6CA82BF92138CFEA004A2F2A /* airports1.json */,
				6CA82BFB2138CFEA004A2F2A /* airports10.json */,
				6CA82BF82138CFEA004A2F2A /* airports100.json */,
				6CA82BFA2138CFEA004A2F2A /* airports1000.json */,
				6CA82BFC2138CFEA004A2F2A /* airports10000.json */,
				B56ED391209AD01B0054B464 /* CleanJSONTests.swift */,
				6CA82C022138D01D004A2F2A /* CleanJSONPerformanceTest.swift */,
				B56ED393209AD01B0054B464 /* Info.plist */,
			);
			path = CleanJSONTests;
			sourceTree = "<group>";
		};
		B56ED39B209AD01B0054B464 /* CleanJSONUITests */ = {
			isa = PBXGroup;
			children = (
				B56ED39C209AD01B0054B464 /* CleanJSONUITests.swift */,
				B56ED39E209AD01B0054B464 /* Info.plist */,
			);
			path = CleanJSONUITests;
			sourceTree = "<group>";
		};
		B56ED3AA209AD0F80054B464 /* Sources */ = {
			isa = PBXGroup;
			children = (
				6C810B30216E511100C2D942 /* Decoder */,
			);
			path = Sources;
			sourceTree = "<group>";
		};
/* End PBXGroup section */

/* Begin PBXNativeTarget section */
		B56ED378209AD0190054B464 /* CleanJSON */ = {
			isa = PBXNativeTarget;
			buildConfigurationList = B56ED3A1209AD01B0054B464 /* Build configuration list for PBXNativeTarget "CleanJSON" */;
			buildPhases = (
				B56ED375209AD0190054B464 /* Sources */,
				B56ED376209AD0190054B464 /* Frameworks */,
				B56ED377209AD0190054B464 /* Resources */,
			);
			buildRules = (
			);
			dependencies = (
			);
			name = CleanJSON;
			productName = CleanJSON;
			productReference = B56ED379209AD0190054B464 /* CleanJSON.app */;
			productType = "com.apple.product-type.application";
		};
		B56ED38C209AD01B0054B464 /* CleanJSONTests */ = {
			isa = PBXNativeTarget;
			buildConfigurationList = B56ED3A4209AD01B0054B464 /* Build configuration list for PBXNativeTarget "CleanJSONTests" */;
			buildPhases = (
				B56ED389209AD01B0054B464 /* Sources */,
				B56ED38A209AD01B0054B464 /* Frameworks */,
				B56ED38B209AD01B0054B464 /* Resources */,
			);
			buildRules = (
			);
			dependencies = (
				B56ED38F209AD01B0054B464 /* PBXTargetDependency */,
			);
			name = CleanJSONTests;
			productName = CleanJSONTests;
			productReference = B56ED38D209AD01B0054B464 /* CleanJSONTests.xctest */;
			productType = "com.apple.product-type.bundle.unit-test";
		};
		B56ED397209AD01B0054B464 /* CleanJSONUITests */ = {
			isa = PBXNativeTarget;
			buildConfigurationList = B56ED3A7209AD01B0054B464 /* Build configuration list for PBXNativeTarget "CleanJSONUITests" */;
			buildPhases = (
				B56ED394209AD01B0054B464 /* Sources */,
				B56ED395209AD01B0054B464 /* Frameworks */,
				B56ED396209AD01B0054B464 /* Resources */,
			);
			buildRules = (
			);
			dependencies = (
				B56ED39A209AD01B0054B464 /* PBXTargetDependency */,
			);
			name = CleanJSONUITests;
			productName = CleanJSONUITests;
			productReference = B56ED398209AD01B0054B464 /* CleanJSONUITests.xctest */;
			productType = "com.apple.product-type.bundle.ui-testing";
		};
/* End PBXNativeTarget section */

/* Begin PBXProject section */
		B56ED371209AD0180054B464 /* Project object */ = {
			isa = PBXProject;
			attributes = {
				LastSwiftUpdateCheck = 0930;
				LastUpgradeCheck = 0930;
				ORGANIZATIONNAME = gaoX;
				TargetAttributes = {
					B56ED378209AD0190054B464 = {
						CreatedOnToolsVersion = 9.3;
					};
					B56ED38C209AD01B0054B464 = {
						CreatedOnToolsVersion = 9.3;
						TestTargetID = B56ED378209AD0190054B464;
					};
					B56ED397209AD01B0054B464 = {
						CreatedOnToolsVersion = 9.3;
						TestTargetID = B56ED378209AD0190054B464;
					};
				};
			};
			buildConfigurationList = B56ED374209AD0180054B464 /* Build configuration list for PBXProject "CleanJSON" */;
			compatibilityVersion = "Xcode 9.3";
			developmentRegion = en;
			hasScannedForEncodings = 0;
			knownRegions = (
				en,
				Base,
			);
			mainGroup = B56ED370209AD0180054B464;
			productRefGroup = B56ED37A209AD0190054B464 /* Products */;
			projectDirPath = "";
			projectRoot = "";
			targets = (
				B56ED378209AD0190054B464 /* CleanJSON */,
				B56ED38C209AD01B0054B464 /* CleanJSONTests */,
				B56ED397209AD01B0054B464 /* CleanJSONUITests */,
			);
		};
/* End PBXProject section */

/* Begin PBXResourcesBuildPhase section */
		B56ED377209AD0190054B464 /* Resources */ = {
			isa = PBXResourcesBuildPhase;
			buildActionMask = 2147483647;
			files = (
				B56ED387209AD01A0054B464 /* LaunchScreen.storyboard in Resources */,
				B56ED384209AD01A0054B464 /* Assets.xcassets in Resources */,
				B56ED382209AD0190054B464 /* Main.storyboard in Resources */,
			);
			runOnlyForDeploymentPostprocessing = 0;
		};
		B56ED38B209AD01B0054B464 /* Resources */ = {
			isa = PBXResourcesBuildPhase;
			buildActionMask = 2147483647;
			files = (
				6CA82C002138CFEA004A2F2A /* airports10.json in Resources */,
				6CA82BFF2138CFEA004A2F2A /* airports1000.json in Resources */,
				6CA82BFD2138CFEA004A2F2A /* airports100.json in Resources */,
				6CA82BFE2138CFEA004A2F2A /* airports1.json in Resources */,
				6CA82C012138CFEA004A2F2A /* airports10000.json in Resources */,
			);
			runOnlyForDeploymentPostprocessing = 0;
		};
		B56ED396209AD01B0054B464 /* Resources */ = {
			isa = PBXResourcesBuildPhase;
			buildActionMask = 2147483647;
			files = (
			);
			runOnlyForDeploymentPostprocessing = 0;
		};
/* End PBXResourcesBuildPhase section */

/* Begin PBXSourcesBuildPhase section */
		B56ED375209AD0190054B464 /* Sources */ = {
			isa = PBXSourcesBuildPhase;
			buildActionMask = 2147483647;
			files = (
				6C810B44216E57A400C2D942 /* _CleanJSONKeyedDecodingContainer.swift in Sources */,
				6C810B46216E595C00C2D942 /* _CleanJSONDecoder+Unbox.swift in Sources */,
				6C810B4A216E5B7300C2D942 /* _CleanJSONUnkeyedDecodingContainer.swift in Sources */,
				6C810B42216E571600C2D942 /* _CleanJSONDecodingStorage.swift in Sources */,
				6C810B3E216E562B00C2D942 /* CleanJSONDecoder.swift in Sources */,
				B56ED37F209AD0190054B464 /* ViewController.swift in Sources */,
				6C810B4C216E5DA600C2D942 /* _CleanJSONDecoder+SingleValueDecodingContainer.swift in Sources */,
				6C810B40216E569300C2D942 /* _CleanJSONDecoder.swift in Sources */,
				6C810B70216E7F5500C2D942 /* DecodingError+TypeMismatch.swift in Sources */,
				B56ED37D209AD0190054B464 /* AppDelegate.swift in Sources */,
				6C810B48216E5A4300C2D942 /* _CleanJSONKey.swift in Sources */,
			);
			runOnlyForDeploymentPostprocessing = 0;
		};
		B56ED389209AD01B0054B464 /* Sources */ = {
			isa = PBXSourcesBuildPhase;
			buildActionMask = 2147483647;
			files = (
				6C810B6B216E685C00C2D942 /* _CleanJSONDecodingStorage.swift in Sources */,
				6C810B6A216E685C00C2D942 /* _CleanJSONKeyedDecodingContainer.swift in Sources */,
				6C810B6E216E685C00C2D942 /* CleanJSONDecoder.swift in Sources */,
				6C810B67216E685C00C2D942 /* _CleanJSONUnkeyedDecodingContainer.swift in Sources */,
				B56ED392209AD01B0054B464 /* CleanJSONTests.swift in Sources */,
				6CA82C032138D01D004A2F2A /* CleanJSONPerformanceTest.swift in Sources */,
				6C810B68216E685C00C2D942 /* _CleanJSONDecoder+SingleValueDecodingContainer.swift in Sources */,
				6C810B6C216E685C00C2D942 /* _CleanJSONDecoder+Unbox.swift in Sources */,
				6C810B6D216E685C00C2D942 /* _CleanJSONDecoder.swift in Sources */,
				6C810B69216E685C00C2D942 /* _CleanJSONKey.swift in Sources */,
			);
			runOnlyForDeploymentPostprocessing = 0;
		};
		B56ED394209AD01B0054B464 /* Sources */ = {
			isa = PBXSourcesBuildPhase;
			buildActionMask = 2147483647;
			files = (
				B56ED39D209AD01B0054B464 /* CleanJSONUITests.swift in Sources */,
			);
			runOnlyForDeploymentPostprocessing = 0;
		};
/* End PBXSourcesBuildPhase section */

/* Begin PBXTargetDependency section */
		B56ED38F209AD01B0054B464 /* PBXTargetDependency */ = {
			isa = PBXTargetDependency;
			target = B56ED378209AD0190054B464 /* CleanJSON */;
			targetProxy = B56ED38E209AD01B0054B464 /* PBXContainerItemProxy */;
		};
		B56ED39A209AD01B0054B464 /* PBXTargetDependency */ = {
			isa = PBXTargetDependency;
			target = B56ED378209AD0190054B464 /* CleanJSON */;
			targetProxy = B56ED399209AD01B0054B464 /* PBXContainerItemProxy */;
		};
/* End PBXTargetDependency section */

/* Begin PBXVariantGroup section */
		B56ED380209AD0190054B464 /* Main.storyboard */ = {
			isa = PBXVariantGroup;
			children = (
				B56ED381209AD0190054B464 /* Base */,
			);
			name = Main.storyboard;
			sourceTree = "<group>";
		};
		B56ED385209AD01A0054B464 /* LaunchScreen.storyboard */ = {
			isa = PBXVariantGroup;
			children = (
				B56ED386209AD01A0054B464 /* Base */,
			);
			name = LaunchScreen.storyboard;
			sourceTree = "<group>";
		};
/* End PBXVariantGroup section */

/* Begin XCBuildConfiguration section */
		B56ED39F209AD01B0054B464 /* Debug */ = {
			isa = XCBuildConfiguration;
			buildSettings = {
				ALWAYS_SEARCH_USER_PATHS = NO;
				CLANG_ANALYZER_NONNULL = YES;
				CLANG_ANALYZER_NUMBER_OBJECT_CONVERSION = YES_AGGRESSIVE;
				CLANG_CXX_LANGUAGE_STANDARD = "gnu++14";
				CLANG_CXX_LIBRARY = "libc++";
				CLANG_ENABLE_MODULES = YES;
				CLANG_ENABLE_OBJC_ARC = YES;
				CLANG_ENABLE_OBJC_WEAK = YES;
				CLANG_WARN_BLOCK_CAPTURE_AUTORELEASING = YES;
				CLANG_WARN_BOOL_CONVERSION = YES;
				CLANG_WARN_COMMA = YES;
				CLANG_WARN_CONSTANT_CONVERSION = YES;
				CLANG_WARN_DEPRECATED_OBJC_IMPLEMENTATIONS = YES;
				CLANG_WARN_DIRECT_OBJC_ISA_USAGE = YES_ERROR;
				CLANG_WARN_DOCUMENTATION_COMMENTS = YES;
				CLANG_WARN_EMPTY_BODY = YES;
				CLANG_WARN_ENUM_CONVERSION = YES;
				CLANG_WARN_INFINITE_RECURSION = YES;
				CLANG_WARN_INT_CONVERSION = YES;
				CLANG_WARN_NON_LITERAL_NULL_CONVERSION = YES;
				CLANG_WARN_OBJC_IMPLICIT_RETAIN_SELF = YES;
				CLANG_WARN_OBJC_LITERAL_CONVERSION = YES;
				CLANG_WARN_OBJC_ROOT_CLASS = YES_ERROR;
				CLANG_WARN_RANGE_LOOP_ANALYSIS = YES;
				CLANG_WARN_STRICT_PROTOTYPES = YES;
				CLANG_WARN_SUSPICIOUS_MOVE = YES;
				CLANG_WARN_UNGUARDED_AVAILABILITY = YES_AGGRESSIVE;
				CLANG_WARN_UNREACHABLE_CODE = YES;
				CLANG_WARN__DUPLICATE_METHOD_MATCH = YES;
				CODE_SIGN_IDENTITY = "iPhone Developer";
				COPY_PHASE_STRIP = NO;
				DEBUG_INFORMATION_FORMAT = dwarf;
				ENABLE_STRICT_OBJC_MSGSEND = YES;
				ENABLE_TESTABILITY = YES;
				GCC_C_LANGUAGE_STANDARD = gnu11;
				GCC_DYNAMIC_NO_PIC = NO;
				GCC_NO_COMMON_BLOCKS = YES;
				GCC_OPTIMIZATION_LEVEL = 0;
				GCC_PREPROCESSOR_DEFINITIONS = (
					"DEBUG=1",
					"$(inherited)",
				);
				GCC_WARN_64_TO_32_BIT_CONVERSION = YES;
				GCC_WARN_ABOUT_RETURN_TYPE = YES_ERROR;
				GCC_WARN_UNDECLARED_SELECTOR = YES;
				GCC_WARN_UNINITIALIZED_AUTOS = YES_AGGRESSIVE;
				GCC_WARN_UNUSED_FUNCTION = YES;
				GCC_WARN_UNUSED_VARIABLE = YES;
				IPHONEOS_DEPLOYMENT_TARGET = 11.3;
				MTL_ENABLE_DEBUG_INFO = YES;
				ONLY_ACTIVE_ARCH = YES;
				SDKROOT = iphoneos;
				SWIFT_ACTIVE_COMPILATION_CONDITIONS = DEBUG;
				SWIFT_OPTIMIZATION_LEVEL = "-Onone";
			};
			name = Debug;
		};
		B56ED3A0209AD01B0054B464 /* Release */ = {
			isa = XCBuildConfiguration;
			buildSettings = {
				ALWAYS_SEARCH_USER_PATHS = NO;
				CLANG_ANALYZER_NONNULL = YES;
				CLANG_ANALYZER_NUMBER_OBJECT_CONVERSION = YES_AGGRESSIVE;
				CLANG_CXX_LANGUAGE_STANDARD = "gnu++14";
				CLANG_CXX_LIBRARY = "libc++";
				CLANG_ENABLE_MODULES = YES;
				CLANG_ENABLE_OBJC_ARC = YES;
				CLANG_ENABLE_OBJC_WEAK = YES;
				CLANG_WARN_BLOCK_CAPTURE_AUTORELEASING = YES;
				CLANG_WARN_BOOL_CONVERSION = YES;
				CLANG_WARN_COMMA = YES;
				CLANG_WARN_CONSTANT_CONVERSION = YES;
				CLANG_WARN_DEPRECATED_OBJC_IMPLEMENTATIONS = YES;
				CLANG_WARN_DIRECT_OBJC_ISA_USAGE = YES_ERROR;
				CLANG_WARN_DOCUMENTATION_COMMENTS = YES;
				CLANG_WARN_EMPTY_BODY = YES;
				CLANG_WARN_ENUM_CONVERSION = YES;
				CLANG_WARN_INFINITE_RECURSION = YES;
				CLANG_WARN_INT_CONVERSION = YES;
				CLANG_WARN_NON_LITERAL_NULL_CONVERSION = YES;
				CLANG_WARN_OBJC_IMPLICIT_RETAIN_SELF = YES;
				CLANG_WARN_OBJC_LITERAL_CONVERSION = YES;
				CLANG_WARN_OBJC_ROOT_CLASS = YES_ERROR;
				CLANG_WARN_RANGE_LOOP_ANALYSIS = YES;
				CLANG_WARN_STRICT_PROTOTYPES = YES;
				CLANG_WARN_SUSPICIOUS_MOVE = YES;
				CLANG_WARN_UNGUARDED_AVAILABILITY = YES_AGGRESSIVE;
				CLANG_WARN_UNREACHABLE_CODE = YES;
				CLANG_WARN__DUPLICATE_METHOD_MATCH = YES;
				CODE_SIGN_IDENTITY = "iPhone Developer";
				COPY_PHASE_STRIP = NO;
				DEBUG_INFORMATION_FORMAT = "dwarf-with-dsym";
				ENABLE_NS_ASSERTIONS = NO;
				ENABLE_STRICT_OBJC_MSGSEND = YES;
				GCC_C_LANGUAGE_STANDARD = gnu11;
				GCC_NO_COMMON_BLOCKS = YES;
				GCC_WARN_64_TO_32_BIT_CONVERSION = YES;
				GCC_WARN_ABOUT_RETURN_TYPE = YES_ERROR;
				GCC_WARN_UNDECLARED_SELECTOR = YES;
				GCC_WARN_UNINITIALIZED_AUTOS = YES_AGGRESSIVE;
				GCC_WARN_UNUSED_FUNCTION = YES;
				GCC_WARN_UNUSED_VARIABLE = YES;
				IPHONEOS_DEPLOYMENT_TARGET = 11.3;
				MTL_ENABLE_DEBUG_INFO = NO;
				SDKROOT = iphoneos;
				SWIFT_COMPILATION_MODE = wholemodule;
				SWIFT_OPTIMIZATION_LEVEL = "-O";
				VALIDATE_PRODUCT = YES;
			};
			name = Release;
		};
		B56ED3A2209AD01B0054B464 /* Debug */ = {
			isa = XCBuildConfiguration;
			buildSettings = {
				ASSETCATALOG_COMPILER_APPICON_NAME = AppIcon;
				CODE_SIGN_STYLE = Automatic;
				DEVELOPMENT_TEAM = 3BDD68D98V;
				INFOPLIST_FILE = CleanJSON/Info.plist;
				LD_RUNPATH_SEARCH_PATHS = (
					"$(inherited)",
					"@executable_path/Frameworks",
				);
				PRODUCT_BUNDLE_IDENTIFIER = com.gaoX.CleanJSON;
				PRODUCT_NAME = "$(TARGET_NAME)";
				SWIFT_VERSION = 4.0;
				TARGETED_DEVICE_FAMILY = "1,2";
			};
			name = Debug;
		};
		B56ED3A3209AD01B0054B464 /* Release */ = {
			isa = XCBuildConfiguration;
			buildSettings = {
				ASSETCATALOG_COMPILER_APPICON_NAME = AppIcon;
				CODE_SIGN_STYLE = Automatic;
				DEVELOPMENT_TEAM = 3BDD68D98V;
				INFOPLIST_FILE = CleanJSON/Info.plist;
				LD_RUNPATH_SEARCH_PATHS = (
					"$(inherited)",
					"@executable_path/Frameworks",
				);
				PRODUCT_BUNDLE_IDENTIFIER = com.gaoX.CleanJSON;
				PRODUCT_NAME = "$(TARGET_NAME)";
				SWIFT_VERSION = 4.0;
				TARGETED_DEVICE_FAMILY = "1,2";
			};
			name = Release;
		};
		B56ED3A5209AD01B0054B464 /* Debug */ = {
			isa = XCBuildConfiguration;
			buildSettings = {
				ALWAYS_EMBED_SWIFT_STANDARD_LIBRARIES = YES;
				BUNDLE_LOADER = "$(TEST_HOST)";
				CODE_SIGN_STYLE = Automatic;
				DEVELOPMENT_TEAM = 3BDD68D98V;
				INFOPLIST_FILE = CleanJSONTests/Info.plist;
				LD_RUNPATH_SEARCH_PATHS = (
					"$(inherited)",
					"@executable_path/Frameworks",
					"@loader_path/Frameworks",
				);
				PRODUCT_BUNDLE_IDENTIFIER = com.gaoX.CleanJSONTests;
				PRODUCT_NAME = "$(TARGET_NAME)";
				SWIFT_VERSION = 4.0;
				TARGETED_DEVICE_FAMILY = "1,2";
				TEST_HOST = "$(BUILT_PRODUCTS_DIR)/CleanJSON.app/CleanJSON";
			};
			name = Debug;
		};
		B56ED3A6209AD01B0054B464 /* Release */ = {
			isa = XCBuildConfiguration;
			buildSettings = {
				ALWAYS_EMBED_SWIFT_STANDARD_LIBRARIES = YES;
				BUNDLE_LOADER = "$(TEST_HOST)";
				CODE_SIGN_STYLE = Automatic;
				DEVELOPMENT_TEAM = 3BDD68D98V;
				INFOPLIST_FILE = CleanJSONTests/Info.plist;
				LD_RUNPATH_SEARCH_PATHS = (
					"$(inherited)",
					"@executable_path/Frameworks",
					"@loader_path/Frameworks",
				);
				PRODUCT_BUNDLE_IDENTIFIER = com.gaoX.CleanJSONTests;
				PRODUCT_NAME = "$(TARGET_NAME)";
				SWIFT_VERSION = 4.0;
				TARGETED_DEVICE_FAMILY = "1,2";
				TEST_HOST = "$(BUILT_PRODUCTS_DIR)/CleanJSON.app/CleanJSON";
			};
			name = Release;
		};
		B56ED3A8209AD01B0054B464 /* Debug */ = {
			isa = XCBuildConfiguration;
			buildSettings = {
				ALWAYS_EMBED_SWIFT_STANDARD_LIBRARIES = YES;
				CODE_SIGN_STYLE = Automatic;
				DEVELOPMENT_TEAM = 3BDD68D98V;
				INFOPLIST_FILE = CleanJSONUITests/Info.plist;
				LD_RUNPATH_SEARCH_PATHS = (
					"$(inherited)",
					"@executable_path/Frameworks",
					"@loader_path/Frameworks",
				);
				PRODUCT_BUNDLE_IDENTIFIER = com.gaoX.CleanJSONUITests;
				PRODUCT_NAME = "$(TARGET_NAME)";
				SWIFT_VERSION = 4.0;
				TARGETED_DEVICE_FAMILY = "1,2";
				TEST_TARGET_NAME = CleanJSON;
			};
			name = Debug;
		};
		B56ED3A9209AD01B0054B464 /* Release */ = {
			isa = XCBuildConfiguration;
			buildSettings = {
				ALWAYS_EMBED_SWIFT_STANDARD_LIBRARIES = YES;
				CODE_SIGN_STYLE = Automatic;
				DEVELOPMENT_TEAM = 3BDD68D98V;
				INFOPLIST_FILE = CleanJSONUITests/Info.plist;
				LD_RUNPATH_SEARCH_PATHS = (
					"$(inherited)",
					"@executable_path/Frameworks",
					"@loader_path/Frameworks",
				);
				PRODUCT_BUNDLE_IDENTIFIER = com.gaoX.CleanJSONUITests;
				PRODUCT_NAME = "$(TARGET_NAME)";
				SWIFT_VERSION = 4.0;
				TARGETED_DEVICE_FAMILY = "1,2";
				TEST_TARGET_NAME = CleanJSON;
			};
			name = Release;
		};
/* End XCBuildConfiguration section */

/* Begin XCConfigurationList section */
		B56ED374209AD0180054B464 /* Build configuration list for PBXProject "CleanJSON" */ = {
			isa = XCConfigurationList;
			buildConfigurations = (
				B56ED39F209AD01B0054B464 /* Debug */,
				B56ED3A0209AD01B0054B464 /* Release */,
			);
			defaultConfigurationIsVisible = 0;
			defaultConfigurationName = Release;
		};
		B56ED3A1209AD01B0054B464 /* Build configuration list for PBXNativeTarget "CleanJSON" */ = {
			isa = XCConfigurationList;
			buildConfigurations = (
				B56ED3A2209AD01B0054B464 /* Debug */,
				B56ED3A3209AD01B0054B464 /* Release */,
			);
			defaultConfigurationIsVisible = 0;
			defaultConfigurationName = Release;
		};
		B56ED3A4209AD01B0054B464 /* Build configuration list for PBXNativeTarget "CleanJSONTests" */ = {
			isa = XCConfigurationList;
			buildConfigurations = (
				B56ED3A5209AD01B0054B464 /* Debug */,
				B56ED3A6209AD01B0054B464 /* Release */,
			);
			defaultConfigurationIsVisible = 0;
			defaultConfigurationName = Release;
		};
		B56ED3A7209AD01B0054B464 /* Build configuration list for PBXNativeTarget "CleanJSONUITests" */ = {
			isa = XCConfigurationList;
			buildConfigurations = (
				B56ED3A8209AD01B0054B464 /* Debug */,
				B56ED3A9209AD01B0054B464 /* Release */,
			);
			defaultConfigurationIsVisible = 0;
			defaultConfigurationName = Release;
		};
/* End XCConfigurationList section */
	};
	rootObject = B56ED371209AD0180054B464 /* Project object */;
}
